
Microsoft Visual Studio Solution File, Format Version 12.00
# Visual Studio Version 18
VisualStudioVersion = 18.0.11018.127
MinimumVisualStudioVersion = 10.0.40219.1
Project("{2150E333-8FDC-42A3-9474-1A3956D46DE8}") = "src", "src", "{94093CAF-9AE3-44C5-A92A-3A157B5B2F96}"
	ProjectSection(SolutionItems) = preProject
		Directory.Build.props = Directory.Build.props
	EndProjectSection
EndProject
Project("{FAE04EC0-301F-11D3-BF4B-00C04F79EFBC}") = "ContentDotNet", "src\ContentDotNet\ContentDotNet.csproj", "{2F562077-AFED-419C-986A-009958D62447}"
EndProject
Project("{2150E333-8FDC-42A3-9474-1A3956D46DE8}") = "Solution Items", "Solution Items", "{36C4BDC6-2C00-4CBA-B563-0C6D2B594097}"
	ProjectSection(SolutionItems) = preProject
		.editorconfig = .editorconfig
		AutoGeneratedTemplate.txt = AutoGeneratedTemplate.txt
		BUILDING.md = BUILDING.md
		CHANGELOG.md = CHANGELOG.md
		README.md = README.md
	EndProjectSection
EndProject
Project("{2150E333-8FDC-42A3-9474-1A3956D46DE8}") = "tests", "tests", "{5859F425-318E-4E28-BB77-D7C9C503C37F}"
EndProject
Project("{FAE04EC0-301F-11D3-BF4B-00C04F79EFBC}") = "ContentDotNet.Abstractions.Tests", "tests\ContentDotNet.Abstractions.Tests\ContentDotNet.Abstractions.Tests.csproj", "{62E5C884-72EA-4230-B41E-A93D7D5F45BA}"
EndProject
Project("{2150E333-8FDC-42A3-9474-1A3956D46DE8}") = "tools", "tools", "{4E0443FC-FAD2-405D-9141-CD2AD6D47582}"
EndProject
Project("{FAE04EC0-301F-11D3-BF4B-00C04F79EFBC}") = "ContentDotNet.Extensions.G711", "src\ContentDotNet.Extensions.G711\ContentDotNet.Extensions.G711.csproj", "{EAE9C318-7B3F-41BA-BD49-56B37C1AAA0D}"
EndProject
Project("{FAE04EC0-301F-11D3-BF4B-00C04F79EFBC}") = "ContentDotNet.Extensions.G722", "src\ContentDotNet.Extensions.G722\ContentDotNet.Extensions.G722.csproj", "{7A5168EA-2D2A-4AD3-9550-089A9A995FE1}"
EndProject
Project("{FAE04EC0-301F-11D3-BF4B-00C04F79EFBC}") = "StandaloneBmpWriter", "tools\StandaloneBmpWriter\StandaloneBmpWriter.csproj", "{A964E7B5-A14C-451A-B716-BF41AFB8C196}"
EndProject
Project("{FAE04EC0-301F-11D3-BF4B-00C04F79EFBC}") = "ContentDotNet.Compression", "src\ContentDotNet.Compression\ContentDotNet.Compression.csproj", "{120D2328-1175-46B3-AFFB-C902C25996F1}"
EndProject
Project("{FAE04EC0-301F-11D3-BF4B-00C04F79EFBC}") = "ContentDotNet.Extensions.G726", "src\ContentDotNet.Extensions.G726\ContentDotNet.Extensions.G726.csproj", "{30C89BD9-ADA2-4C11-88F6-4E512F2CAD52}"
EndProject
Project("{FAE04EC0-301F-11D3-BF4B-00C04F79EFBC}") = "ContentDotNet.Extensions.G729", "src\ContentDotNet.Extensions.G729\ContentDotNet.Extensions.G729.csproj", "{2011BF4C-CD7F-4D37-AB6D-AD92BE2C9AC4}"
EndProject
Project("{FAE04EC0-301F-11D3-BF4B-00C04F79EFBC}") = "ContentDotNet.AudioPlayer", "src\ContentDotNet.AudioPlayer\ContentDotNet.AudioPlayer.csproj", "{4B89B853-852C-4B32-8D21-FDB6A27D3CF1}"
EndProject
Project("{2150E333-8FDC-42A3-9474-1A3956D46DE8}") = "Codecs", "Codecs", "{7ECE0F78-A4BF-4A1A-AC5A-0742BF437D36}"
EndProject
Project("{2150E333-8FDC-42A3-9474-1A3956D46DE8}") = "FileFormats", "FileFormats", "{F26D88B1-BBD9-4CC2-966C-D2EA500199D8}"
EndProject
Project("{2150E333-8FDC-42A3-9474-1A3956D46DE8}") = "Video", "Video", "{7ECE518A-6DE9-4032-970F-AB253E7EA412}"
EndProject
Project("{FAE04EC0-301F-11D3-BF4B-00C04F79EFBC}") = "ContentDotNet.Extensions.Video.H264", "src\Codecs\Video\ContentDotNet.Extensions.Video.H264\ContentDotNet.Extensions.Video.H264.csproj", "{5AC9E8D5-B432-4EF4-AA8A-ADD955C5AED4}"
EndProject
Project("{2150E333-8FDC-42A3-9474-1A3956D46DE8}") = "Shared", "Shared", "{9E3D6880-FDE6-4A41-930B-A77F44F9D91F}"
EndProject
Project("{FAE04EC0-301F-11D3-BF4B-00C04F79EFBC}") = "ContentDotNet.Shared.ItuT", "src\Shared\ContentDotNet.Shared.ItuT\ContentDotNet.Shared.ItuT.csproj", "{3AEE3F3B-8A17-4709-AAA7-3D4FE3FF23FA}"
EndProject
Project("{2150E333-8FDC-42A3-9474-1A3956D46DE8}") = "generators", "generators", "{E69A62AA-B5DA-48D1-B473-3565AB4371C0}"
EndProject
Project("{2150E333-8FDC-42A3-9474-1A3956D46DE8}") = "ContentDotNet", "ContentDotNet", "{4BC08BB0-B31E-407D-9A5B-10E32C1BC32E}"
EndProject
Project("{FAE04EC0-301F-11D3-BF4B-00C04F79EFBC}") = "JaggedArrayUtilGenerator", "generators\ContentDotNet\JaggedArrayUtilGenerator\JaggedArrayUtilGenerator.csproj", "{9F3A2CDF-B366-4105-9D34-F8FC7CD08800}"
EndProject
Project("{D954291E-2A0B-460D-934E-DC6B0785DB48}") = "Docs", "Docs\Docs.shproj", "{68A8F7A5-08C4-41E4-AE85-6FD34B7F9DBA}"
EndProject
Project("{D954291E-2A0B-460D-934E-DC6B0785DB48}") = "webutils", "webutils\webutils.shproj", "{A32B53AA-3C70-4E7B-8FED-A445C7C2E61D}"
EndProject
Project("{D954291E-2A0B-460D-934E-DC6B0785DB48}") = "theory", "theory\theory.shproj", "{037301AE-2732-4248-8C59-8AB16A5E897F}"
EndProject
Project("{D954291E-2A0B-460D-934E-DC6B0785DB48}") = "todo", "todo\todo.shproj", "{45F57B0C-C413-46A1-AE8D-397303EE3ACE}"
EndProject
Project("{FAE04EC0-301F-11D3-BF4B-00C04F79EFBC}") = "ContentDotNet.Tests.H264", "tests\ContentDotNet.Tests.H264\ContentDotNet.Tests.H264.csproj", "{B68584A1-EEC5-4328-87E4-48D59591042F}"
EndProject
Project("{2150E333-8FDC-42A3-9474-1A3956D46DE8}") = "Video", "Video", "{168FF1F0-86C5-49C4-8998-3DAA96440E22}"
EndProject
Project("{FAE04EC0-301F-11D3-BF4B-00C04F79EFBC}") = "ContentDotNet.Extensions.Video.Mp4", "src\FileFormats\Video\ContentDotNet.Extensions.Video.Mp4\ContentDotNet.Extensions.Video.Mp4.csproj", "{E43ACAE2-E9CF-49DE-A314-F62C84C54384}"
EndProject
Project("{FAE04EC0-301F-11D3-BF4B-00C04F79EFBC}") = "AVCDumper", "tools\AVCDumper\AVCDumper.csproj", "{639DB86D-2BFA-486B-9C8B-58D964BDE5B5}"
EndProject
Project("{2150E333-8FDC-42A3-9474-1A3956D46DE8}") = "Protocols", "Protocols", "{B5DB1593-F306-4AB4-A313-6797743A453F}"
EndProject
Project("{FAE04EC0-301F-11D3-BF4B-00C04F79EFBC}") = "ContentDotNet.Protocols.Rtsp", "src\Protocols\ContentDotNet.Protocols.Rtsp\ContentDotNet.Protocols.Rtsp.csproj", "{E63F266F-4339-477E-9855-A353F9CCABB6}"
EndProject
Project("{FAE04EC0-301F-11D3-BF4B-00C04F79EFBC}") = "ContentDotNet.Protocols.Rtp", "src\Protocols\ContentDotNet.Protocols.Rtp\ContentDotNet.Protocols.Rtp.csproj", "{DF0F459A-0656-43AB-9042-97F39DE3EDEA}"
EndProject
Project("{FAE04EC0-301F-11D3-BF4B-00C04F79EFBC}") = "ContentDotNet.Protocols.Sdp", "src\Protocols\ContentDotNet.Protocols.Sdp\ContentDotNet.Protocols.Sdp.csproj", "{4AB5A48E-2709-4B84-9C5F-AAF4A38641FA}"
EndProject
Project("{FAE04EC0-301F-11D3-BF4B-00C04F79EFBC}") = "ContentDotNet.Protocols.Bgp", "src\Protocols\ContentDotNet.Protocols.Bgp\ContentDotNet.Protocols.Bgp.csproj", "{91FBBA87-FD31-4F2F-8F6F-80D9B163A0CD}"
EndProject
Project("{FAE04EC0-301F-11D3-BF4B-00C04F79EFBC}") = "ContentDotNet.Protocols.Ipp", "src\Protocols\ContentDotNet.Protocols.Ipp\ContentDotNet.Protocols.Ipp.csproj", "{86EA3EB1-254A-4362-91E4-314384CA2551}"
EndProject
Project("{FAE04EC0-301F-11D3-BF4B-00C04F79EFBC}") = "ContentDotNet.Extensions.Video.H261", "src\Codecs\Video\ContentDotNet.Extensions.Video.H261\ContentDotNet.Extensions.Video.H261.csproj", "{218A6519-B0C6-4D61-A6D3-8A6F2CA84A86}"
EndProject
Global
	GlobalSection(SolutionConfigurationPlatforms) = preSolution
		Debug|Any CPU = Debug|Any CPU
		Release|Any CPU = Release|Any CPU
	EndGlobalSection
	GlobalSection(ProjectConfigurationPlatforms) = postSolution
		{2F562077-AFED-419C-986A-009958D62447}.Debug|Any CPU.ActiveCfg = Debug|Any CPU
		{2F562077-AFED-419C-986A-009958D62447}.Debug|Any CPU.Build.0 = Debug|Any CPU
		{2F562077-AFED-419C-986A-009958D62447}.Release|Any CPU.ActiveCfg = Release|Any CPU
		{2F562077-AFED-419C-986A-009958D62447}.Release|Any CPU.Build.0 = Release|Any CPU
		{62E5C884-72EA-4230-B41E-A93D7D5F45BA}.Debug|Any CPU.ActiveCfg = Debug|Any CPU
		{62E5C884-72EA-4230-B41E-A93D7D5F45BA}.Debug|Any CPU.Build.0 = Debug|Any CPU
		{62E5C884-72EA-4230-B41E-A93D7D5F45BA}.Release|Any CPU.ActiveCfg = Release|Any CPU
		{62E5C884-72EA-4230-B41E-A93D7D5F45BA}.Release|Any CPU.Build.0 = Release|Any CPU
		{EAE9C318-7B3F-41BA-BD49-56B37C1AAA0D}.Debug|Any CPU.ActiveCfg = Debug|Any CPU
		{EAE9C318-7B3F-41BA-BD49-56B37C1AAA0D}.Debug|Any CPU.Build.0 = Debug|Any CPU
		{EAE9C318-7B3F-41BA-BD49-56B37C1AAA0D}.Release|Any CPU.ActiveCfg = Release|Any CPU
		{EAE9C318-7B3F-41BA-BD49-56B37C1AAA0D}.Release|Any CPU.Build.0 = Release|Any CPU
		{7A5168EA-2D2A-4AD3-9550-089A9A995FE1}.Debug|Any CPU.ActiveCfg = Debug|Any CPU
		{7A5168EA-2D2A-4AD3-9550-089A9A995FE1}.Debug|Any CPU.Build.0 = Debug|Any CPU
		{7A5168EA-2D2A-4AD3-9550-089A9A995FE1}.Release|Any CPU.ActiveCfg = Release|Any CPU
		{7A5168EA-2D2A-4AD3-9550-089A9A995FE1}.Release|Any CPU.Build.0 = Release|Any CPU
		{A964E7B5-A14C-451A-B716-BF41AFB8C196}.Debug|Any CPU.ActiveCfg = Debug|Any CPU
		{A964E7B5-A14C-451A-B716-BF41AFB8C196}.Debug|Any CPU.Build.0 = Debug|Any CPU
		{A964E7B5-A14C-451A-B716-BF41AFB8C196}.Release|Any CPU.ActiveCfg = Release|Any CPU
		{A964E7B5-A14C-451A-B716-BF41AFB8C196}.Release|Any CPU.Build.0 = Release|Any CPU
		{120D2328-1175-46B3-AFFB-C902C25996F1}.Debug|Any CPU.ActiveCfg = Debug|Any CPU
		{120D2328-1175-46B3-AFFB-C902C25996F1}.Debug|Any CPU.Build.0 = Debug|Any CPU
		{120D2328-1175-46B3-AFFB-C902C25996F1}.Release|Any CPU.ActiveCfg = Release|Any CPU
		{120D2328-1175-46B3-AFFB-C902C25996F1}.Release|Any CPU.Build.0 = Release|Any CPU
		{30C89BD9-ADA2-4C11-88F6-4E512F2CAD52}.Debug|Any CPU.ActiveCfg = Debug|Any CPU
		{30C89BD9-ADA2-4C11-88F6-4E512F2CAD52}.Debug|Any CPU.Build.0 = Debug|Any CPU
		{30C89BD9-ADA2-4C11-88F6-4E512F2CAD52}.Release|Any CPU.ActiveCfg = Release|Any CPU
		{30C89BD9-ADA2-4C11-88F6-4E512F2CAD52}.Release|Any CPU.Build.0 = Release|Any CPU
		{2011BF4C-CD7F-4D37-AB6D-AD92BE2C9AC4}.Debug|Any CPU.ActiveCfg = Debug|Any CPU
		{2011BF4C-CD7F-4D37-AB6D-AD92BE2C9AC4}.Debug|Any CPU.Build.0 = Debug|Any CPU
		{2011BF4C-CD7F-4D37-AB6D-AD92BE2C9AC4}.Release|Any CPU.ActiveCfg = Release|Any CPU
		{2011BF4C-CD7F-4D37-AB6D-AD92BE2C9AC4}.Release|Any CPU.Build.0 = Release|Any CPU
		{4B89B853-852C-4B32-8D21-FDB6A27D3CF1}.Debug|Any CPU.ActiveCfg = Debug|Any CPU
		{4B89B853-852C-4B32-8D21-FDB6A27D3CF1}.Debug|Any CPU.Build.0 = Debug|Any CPU
		{4B89B853-852C-4B32-8D21-FDB6A27D3CF1}.Release|Any CPU.ActiveCfg = Release|Any CPU
		{4B89B853-852C-4B32-8D21-FDB6A27D3CF1}.Release|Any CPU.Build.0 = Release|Any CPU
		{5AC9E8D5-B432-4EF4-AA8A-ADD955C5AED4}.Debug|Any CPU.ActiveCfg = Debug|Any CPU
		{5AC9E8D5-B432-4EF4-AA8A-ADD955C5AED4}.Debug|Any CPU.Build.0 = Debug|Any CPU
		{5AC9E8D5-B432-4EF4-AA8A-ADD955C5AED4}.Release|Any CPU.ActiveCfg = Release|Any CPU
		{5AC9E8D5-B432-4EF4-AA8A-ADD955C5AED4}.Release|Any CPU.Build.0 = Release|Any CPU
		{3AEE3F3B-8A17-4709-AAA7-3D4FE3FF23FA}.Debug|Any CPU.ActiveCfg = Debug|Any CPU
		{3AEE3F3B-8A17-4709-AAA7-3D4FE3FF23FA}.Debug|Any CPU.Build.0 = Debug|Any CPU
		{3AEE3F3B-8A17-4709-AAA7-3D4FE3FF23FA}.Release|Any CPU.ActiveCfg = Release|Any CPU
		{3AEE3F3B-8A17-4709-AAA7-3D4FE3FF23FA}.Release|Any CPU.Build.0 = Release|Any CPU
		{9F3A2CDF-B366-4105-9D34-F8FC7CD08800}.Debug|Any CPU.ActiveCfg = Debug|Any CPU
		{9F3A2CDF-B366-4105-9D34-F8FC7CD08800}.Debug|Any CPU.Build.0 = Debug|Any CPU
		{9F3A2CDF-B366-4105-9D34-F8FC7CD08800}.Release|Any CPU.ActiveCfg = Release|Any CPU
		{9F3A2CDF-B366-4105-9D34-F8FC7CD08800}.Release|Any CPU.Build.0 = Release|Any CPU
		{B68584A1-EEC5-4328-87E4-48D59591042F}.Debug|Any CPU.ActiveCfg = Debug|Any CPU
		{B68584A1-EEC5-4328-87E4-48D59591042F}.Debug|Any CPU.Build.0 = Debug|Any CPU
		{B68584A1-EEC5-4328-87E4-48D59591042F}.Release|Any CPU.ActiveCfg = Release|Any CPU
		{B68584A1-EEC5-4328-87E4-48D59591042F}.Release|Any CPU.Build.0 = Release|Any CPU
		{E43ACAE2-E9CF-49DE-A314-F62C84C54384}.Debug|Any CPU.ActiveCfg = Debug|Any CPU
		{E43ACAE2-E9CF-49DE-A314-F62C84C54384}.Debug|Any CPU.Build.0 = Debug|Any CPU
		{E43ACAE2-E9CF-49DE-A314-F62C84C54384}.Release|Any CPU.ActiveCfg = Release|Any CPU
		{E43ACAE2-E9CF-49DE-A314-F62C84C54384}.Release|Any CPU.Build.0 = Release|Any CPU
		{639DB86D-2BFA-486B-9C8B-58D964BDE5B5}.Debug|Any CPU.ActiveCfg = Debug|Any CPU
		{639DB86D-2BFA-486B-9C8B-58D964BDE5B5}.Debug|Any CPU.Build.0 = Debug|Any CPU
		{639DB86D-2BFA-486B-9C8B-58D964BDE5B5}.Release|Any CPU.ActiveCfg = Release|Any CPU
		{639DB86D-2BFA-486B-9C8B-58D964BDE5B5}.Release|Any CPU.Build.0 = Release|Any CPU
		{E63F266F-4339-477E-9855-A353F9CCABB6}.Debug|Any CPU.ActiveCfg = Debug|Any CPU
		{E63F266F-4339-477E-9855-A353F9CCABB6}.Debug|Any CPU.Build.0 = Debug|Any CPU
		{E63F266F-4339-477E-9855-A353F9CCABB6}.Release|Any CPU.ActiveCfg = Release|Any CPU
		{E63F266F-4339-477E-9855-A353F9CCABB6}.Release|Any CPU.Build.0 = Release|Any CPU
		{DF0F459A-0656-43AB-9042-97F39DE3EDEA}.Debug|Any CPU.ActiveCfg = Debug|Any CPU
		{DF0F459A-0656-43AB-9042-97F39DE3EDEA}.Debug|Any CPU.Build.0 = Debug|Any CPU
		{DF0F459A-0656-43AB-9042-97F39DE3EDEA}.Release|Any CPU.ActiveCfg = Release|Any CPU
		{DF0F459A-0656-43AB-9042-97F39DE3EDEA}.Release|Any CPU.Build.0 = Release|Any CPU
		{4AB5A48E-2709-4B84-9C5F-AAF4A38641FA}.Debug|Any CPU.ActiveCfg = Debug|Any CPU
		{4AB5A48E-2709-4B84-9C5F-AAF4A38641FA}.Debug|Any CPU.Build.0 = Debug|Any CPU
		{4AB5A48E-2709-4B84-9C5F-AAF4A38641FA}.Release|Any CPU.ActiveCfg = Release|Any CPU
		{4AB5A48E-2709-4B84-9C5F-AAF4A38641FA}.Release|Any CPU.Build.0 = Release|Any CPU
		{91FBBA87-FD31-4F2F-8F6F-80D9B163A0CD}.Debug|Any CPU.ActiveCfg = Debug|Any CPU
		{91FBBA87-FD31-4F2F-8F6F-80D9B163A0CD}.Debug|Any CPU.Build.0 = Debug|Any CPU
		{91FBBA87-FD31-4F2F-8F6F-80D9B163A0CD}.Release|Any CPU.ActiveCfg = Release|Any CPU
		{91FBBA87-FD31-4F2F-8F6F-80D9B163A0CD}.Release|Any CPU.Build.0 = Release|Any CPU
		{86EA3EB1-254A-4362-91E4-314384CA2551}.Debug|Any CPU.ActiveCfg = Debug|Any CPU
		{86EA3EB1-254A-4362-91E4-314384CA2551}.Debug|Any CPU.Build.0 = Debug|Any CPU
		{86EA3EB1-254A-4362-91E4-314384CA2551}.Release|Any CPU.ActiveCfg = Release|Any CPU
		{86EA3EB1-254A-4362-91E4-314384CA2551}.Release|Any CPU.Build.0 = Release|Any CPU
		{218A6519-B0C6-4D61-A6D3-8A6F2CA84A86}.Debug|Any CPU.ActiveCfg = Debug|Any CPU
		{218A6519-B0C6-4D61-A6D3-8A6F2CA84A86}.Debug|Any CPU.Build.0 = Debug|Any CPU
		{218A6519-B0C6-4D61-A6D3-8A6F2CA84A86}.Release|Any CPU.ActiveCfg = Release|Any CPU
		{218A6519-B0C6-4D61-A6D3-8A6F2CA84A86}.Release|Any CPU.Build.0 = Release|Any CPU
	EndGlobalSection
	GlobalSection(SolutionProperties) = preSolution
		HideSolutionNode = FALSE
	EndGlobalSection
	GlobalSection(NestedProjects) = preSolution
		{2F562077-AFED-419C-986A-009958D62447} = {94093CAF-9AE3-44C5-A92A-3A157B5B2F96}
		{62E5C884-72EA-4230-B41E-A93D7D5F45BA} = {5859F425-318E-4E28-BB77-D7C9C503C37F}
		{EAE9C318-7B3F-41BA-BD49-56B37C1AAA0D} = {94093CAF-9AE3-44C5-A92A-3A157B5B2F96}
		{7A5168EA-2D2A-4AD3-9550-089A9A995FE1} = {94093CAF-9AE3-44C5-A92A-3A157B5B2F96}
		{A964E7B5-A14C-451A-B716-BF41AFB8C196} = {4E0443FC-FAD2-405D-9141-CD2AD6D47582}
		{120D2328-1175-46B3-AFFB-C902C25996F1} = {94093CAF-9AE3-44C5-A92A-3A157B5B2F96}
		{30C89BD9-ADA2-4C11-88F6-4E512F2CAD52} = {94093CAF-9AE3-44C5-A92A-3A157B5B2F96}
		{2011BF4C-CD7F-4D37-AB6D-AD92BE2C9AC4} = {94093CAF-9AE3-44C5-A92A-3A157B5B2F96}
		{4B89B853-852C-4B32-8D21-FDB6A27D3CF1} = {94093CAF-9AE3-44C5-A92A-3A157B5B2F96}
		{7ECE0F78-A4BF-4A1A-AC5A-0742BF437D36} = {94093CAF-9AE3-44C5-A92A-3A157B5B2F96}
		{F26D88B1-BBD9-4CC2-966C-D2EA500199D8} = {94093CAF-9AE3-44C5-A92A-3A157B5B2F96}
		{7ECE518A-6DE9-4032-970F-AB253E7EA412} = {7ECE0F78-A4BF-4A1A-AC5A-0742BF437D36}
		{5AC9E8D5-B432-4EF4-AA8A-ADD955C5AED4} = {7ECE518A-6DE9-4032-970F-AB253E7EA412}
		{9E3D6880-FDE6-4A41-930B-A77F44F9D91F} = {94093CAF-9AE3-44C5-A92A-3A157B5B2F96}
		{3AEE3F3B-8A17-4709-AAA7-3D4FE3FF23FA} = {9E3D6880-FDE6-4A41-930B-A77F44F9D91F}
		{4BC08BB0-B31E-407D-9A5B-10E32C1BC32E} = {E69A62AA-B5DA-48D1-B473-3565AB4371C0}
		{9F3A2CDF-B366-4105-9D34-F8FC7CD08800} = {4BC08BB0-B31E-407D-9A5B-10E32C1BC32E}
		{B68584A1-EEC5-4328-87E4-48D59591042F} = {5859F425-318E-4E28-BB77-D7C9C503C37F}
		{168FF1F0-86C5-49C4-8998-3DAA96440E22} = {F26D88B1-BBD9-4CC2-966C-D2EA500199D8}
		{E43ACAE2-E9CF-49DE-A314-F62C84C54384} = {168FF1F0-86C5-49C4-8998-3DAA96440E22}
		{639DB86D-2BFA-486B-9C8B-58D964BDE5B5} = {4E0443FC-FAD2-405D-9141-CD2AD6D47582}
		{B5DB1593-F306-4AB4-A313-6797743A453F} = {94093CAF-9AE3-44C5-A92A-3A157B5B2F96}
		{E63F266F-4339-477E-9855-A353F9CCABB6} = {B5DB1593-F306-4AB4-A313-6797743A453F}
		{DF0F459A-0656-43AB-9042-97F39DE3EDEA} = {B5DB1593-F306-4AB4-A313-6797743A453F}
		{4AB5A48E-2709-4B84-9C5F-AAF4A38641FA} = {B5DB1593-F306-4AB4-A313-6797743A453F}
		{91FBBA87-FD31-4F2F-8F6F-80D9B163A0CD} = {B5DB1593-F306-4AB4-A313-6797743A453F}
		{86EA3EB1-254A-4362-91E4-314384CA2551} = {B5DB1593-F306-4AB4-A313-6797743A453F}
		{218A6519-B0C6-4D61-A6D3-8A6F2CA84A86} = {7ECE518A-6DE9-4032-970F-AB253E7EA412}
	EndGlobalSection
	GlobalSection(ExtensibilityGlobals) = postSolution
		SolutionGuid = {C6D32263-B2D0-4204-8A4E-BA2FFF41CF9B}
	EndGlobalSection
	GlobalSection(SharedMSBuildProjectFiles) = preSolution
		theory\theory.projitems*{037301ae-2732-4248-8c59-8ab16a5e897f}*SharedItemsImports = 13
		todo\todo.projitems*{45f57b0c-c413-46a1-ae8d-397303ee3ace}*SharedItemsImports = 13
		Docs\Docs.projitems*{68a8f7a5-08c4-41e4-ae85-6fd34b7f9dba}*SharedItemsImports = 13
		webutils\webutils.projitems*{a32b53aa-3c70-4e7b-8fed-a445c7c2e61d}*SharedItemsImports = 13
	EndGlobalSection
EndGlobal
