
Microsoft Visual Studio Solution File, Format Version 12.00
# Visual Studio Version 17
VisualStudioVersion = 17.12.35707.178
MinimumVisualStudioVersion = 10.0.40219.1
Project("{2150E333-8FDC-42A3-9474-1A3956D46DE8}") = "src", "src", "{94093CAF-9AE3-44C5-A92A-3A157B5B2F96}"
EndProject
Project("{FAE04EC0-301F-11D3-BF4B-00C04F79EFBC}") = "ContentDotNet.Abstractions", "src\ContentDotNet.Abstractions\ContentDotNet.Abstractions.csproj", "{2F562077-AFED-419C-986A-009958D62447}"
EndProject
Project("{FAE04EC0-301F-11D3-BF4B-00C04F79EFBC}") = "ContentDotNet.Extensions.H264", "src\ContentDotNet.Extensions.H264\ContentDotNet.Extensions.H264.csproj", "{91308A66-F214-4586-B1BD-2E3B41A26F48}"
EndProject
Project("{2150E333-8FDC-42A3-9474-1A3956D46DE8}") = "Solution Items", "Solution Items", "{36C4BDC6-2C00-4CBA-B563-0C6D2B594097}"
	ProjectSection(SolutionItems) = preProject
		.editorconfig = .editorconfig
		CHANGELOG.md = CHANGELOG.md
		README.md = README.md
	EndProjectSection
EndProject
Project("{2150E333-8FDC-42A3-9474-1A3956D46DE8}") = "tests", "tests", "{5859F425-318E-4E28-BB77-D7C9C503C37F}"
EndProject
Project("{FAE04EC0-301F-11D3-BF4B-00C04F79EFBC}") = "ContentDotNet.Extensions.H265", "src\ContentDotNet.Extensions.H265\ContentDotNet.Extensions.H265.csproj", "{9640E94A-9F39-4075-A5D9-6A2AFE43AD20}"
EndProject
Project("{FAE04EC0-301F-11D3-BF4B-00C04F79EFBC}") = "ContentDotNet.Extensions.Mp4", "src\ContentDotNet.Extensions.Mp4\ContentDotNet.Extensions.Mp4.csproj", "{BAA94FFB-5CF9-49F0-AB1D-D91663A45825}"
EndProject
Project("{FAE04EC0-301F-11D3-BF4B-00C04F79EFBC}") = "ContentDotNet.Extensions.H26x", "src\ContentDotNet.Extensions.H26x\ContentDotNet.Extensions.H26x.csproj", "{3D03ECFA-1FD6-4E4F-ACB2-1BC8DACFD8CA}"
EndProject
Project("{FAE04EC0-301F-11D3-BF4B-00C04F79EFBC}") = "ContentDotNet.Extensions.H26x.Sei", "src\ContentDotNet.Extensions.H26x.Sei\ContentDotNet.Extensions.H26x.Sei.csproj", "{96A32FA2-963D-4B04-9887-4DDC59C2BB75}"
EndProject
Project("{FAE04EC0-301F-11D3-BF4B-00C04F79EFBC}") = "ContentDotNet.Abstractions.Tests", "tests\ContentDotNet.Abstractions.Tests\ContentDotNet.Abstractions.Tests.csproj", "{62E5C884-72EA-4230-B41E-A93D7D5F45BA}"
EndProject
Project("{FAE04EC0-301F-11D3-BF4B-00C04F79EFBC}") = "ContentDotNet.Extensions.H264.Tests", "tests\ContentDotNet.Extensions.H264.Tests\ContentDotNet.Extensions.H264.Tests.csproj", "{73163E69-33BD-4666-A3AA-98F2B16A88E2}"
EndProject
Global
	GlobalSection(SolutionConfigurationPlatforms) = preSolution
		Debug|Any CPU = Debug|Any CPU
		Release|Any CPU = Release|Any CPU
	EndGlobalSection
	GlobalSection(ProjectConfigurationPlatforms) = postSolution
		{2F562077-AFED-419C-986A-009958D62447}.Debug|Any CPU.ActiveCfg = Debug|Any CPU
		{2F562077-AFED-419C-986A-009958D62447}.Debug|Any CPU.Build.0 = Debug|Any CPU
		{2F562077-AFED-419C-986A-009958D62447}.Release|Any CPU.ActiveCfg = Release|Any CPU
		{2F562077-AFED-419C-986A-009958D62447}.Release|Any CPU.Build.0 = Release|Any CPU
		{91308A66-F214-4586-B1BD-2E3B41A26F48}.Debug|Any CPU.ActiveCfg = Debug|Any CPU
		{91308A66-F214-4586-B1BD-2E3B41A26F48}.Debug|Any CPU.Build.0 = Debug|Any CPU
		{91308A66-F214-4586-B1BD-2E3B41A26F48}.Release|Any CPU.ActiveCfg = Release|Any CPU
		{91308A66-F214-4586-B1BD-2E3B41A26F48}.Release|Any CPU.Build.0 = Release|Any CPU
		{9640E94A-9F39-4075-A5D9-6A2AFE43AD20}.Debug|Any CPU.ActiveCfg = Debug|Any CPU
		{9640E94A-9F39-4075-A5D9-6A2AFE43AD20}.Debug|Any CPU.Build.0 = Debug|Any CPU
		{9640E94A-9F39-4075-A5D9-6A2AFE43AD20}.Release|Any CPU.ActiveCfg = Release|Any CPU
		{9640E94A-9F39-4075-A5D9-6A2AFE43AD20}.Release|Any CPU.Build.0 = Release|Any CPU
		{BAA94FFB-5CF9-49F0-AB1D-D91663A45825}.Debug|Any CPU.ActiveCfg = Debug|Any CPU
		{BAA94FFB-5CF9-49F0-AB1D-D91663A45825}.Debug|Any CPU.Build.0 = Debug|Any CPU
		{BAA94FFB-5CF9-49F0-AB1D-D91663A45825}.Release|Any CPU.ActiveCfg = Release|Any CPU
		{BAA94FFB-5CF9-49F0-AB1D-D91663A45825}.Release|Any CPU.Build.0 = Release|Any CPU
		{3D03ECFA-1FD6-4E4F-ACB2-1BC8DACFD8CA}.Debug|Any CPU.ActiveCfg = Debug|Any CPU
		{3D03ECFA-1FD6-4E4F-ACB2-1BC8DACFD8CA}.Debug|Any CPU.Build.0 = Debug|Any CPU
		{3D03ECFA-1FD6-4E4F-ACB2-1BC8DACFD8CA}.Release|Any CPU.ActiveCfg = Release|Any CPU
		{3D03ECFA-1FD6-4E4F-ACB2-1BC8DACFD8CA}.Release|Any CPU.Build.0 = Release|Any CPU
		{96A32FA2-963D-4B04-9887-4DDC59C2BB75}.Debug|Any CPU.ActiveCfg = Debug|Any CPU
		{96A32FA2-963D-4B04-9887-4DDC59C2BB75}.Debug|Any CPU.Build.0 = Debug|Any CPU
		{96A32FA2-963D-4B04-9887-4DDC59C2BB75}.Release|Any CPU.ActiveCfg = Release|Any CPU
		{96A32FA2-963D-4B04-9887-4DDC59C2BB75}.Release|Any CPU.Build.0 = Release|Any CPU
		{62E5C884-72EA-4230-B41E-A93D7D5F45BA}.Debug|Any CPU.ActiveCfg = Debug|Any CPU
		{62E5C884-72EA-4230-B41E-A93D7D5F45BA}.Debug|Any CPU.Build.0 = Debug|Any CPU
		{62E5C884-72EA-4230-B41E-A93D7D5F45BA}.Release|Any CPU.ActiveCfg = Release|Any CPU
		{62E5C884-72EA-4230-B41E-A93D7D5F45BA}.Release|Any CPU.Build.0 = Release|Any CPU
		{73163E69-33BD-4666-A3AA-98F2B16A88E2}.Debug|Any CPU.ActiveCfg = Debug|Any CPU
		{73163E69-33BD-4666-A3AA-98F2B16A88E2}.Debug|Any CPU.Build.0 = Debug|Any CPU
		{73163E69-33BD-4666-A3AA-98F2B16A88E2}.Release|Any CPU.ActiveCfg = Release|Any CPU
		{73163E69-33BD-4666-A3AA-98F2B16A88E2}.Release|Any CPU.Build.0 = Release|Any CPU
	EndGlobalSection
	GlobalSection(SolutionProperties) = preSolution
		HideSolutionNode = FALSE
	EndGlobalSection
	GlobalSection(NestedProjects) = preSolution
		{2F562077-AFED-419C-986A-009958D62447} = {94093CAF-9AE3-44C5-A92A-3A157B5B2F96}
		{91308A66-F214-4586-B1BD-2E3B41A26F48} = {94093CAF-9AE3-44C5-A92A-3A157B5B2F96}
		{9640E94A-9F39-4075-A5D9-6A2AFE43AD20} = {94093CAF-9AE3-44C5-A92A-3A157B5B2F96}
		{BAA94FFB-5CF9-49F0-AB1D-D91663A45825} = {94093CAF-9AE3-44C5-A92A-3A157B5B2F96}
		{3D03ECFA-1FD6-4E4F-ACB2-1BC8DACFD8CA} = {94093CAF-9AE3-44C5-A92A-3A157B5B2F96}
		{96A32FA2-963D-4B04-9887-4DDC59C2BB75} = {94093CAF-9AE3-44C5-A92A-3A157B5B2F96}
		{62E5C884-72EA-4230-B41E-A93D7D5F45BA} = {5859F425-318E-4E28-BB77-D7C9C503C37F}
		{73163E69-33BD-4666-A3AA-98F2B16A88E2} = {5859F425-318E-4E28-BB77-D7C9C503C37F}
	EndGlobalSection
EndGlobal
