
Microsoft Visual Studio Solution File, Format Version 12.00
# Visual Studio Version 18
VisualStudioVersion = 18.0.11018.127
MinimumVisualStudioVersion = 10.0.40219.1
Project("{2150E333-8FDC-42A3-9474-1A3956D46DE8}") = "src", "src", "{94093CAF-9AE3-44C5-A92A-3A157B5B2F96}"
	ProjectSection(SolutionItems) = preProject
		Directory.Build.props = Directory.Build.props
	EndProjectSection
EndProject
Project("{FAE04EC0-301F-11D3-BF4B-00C04F79EFBC}") = "ContentDotNet", "src\ContentDotNet\ContentDotNet.csproj", "{2F562077-AFED-419C-986A-009958D62447}"
EndProject
Project("{2150E333-8FDC-42A3-9474-1A3956D46DE8}") = "Solution Items", "Solution Items", "{36C4BDC6-2C00-4CBA-B563-0C6D2B594097}"
	ProjectSection(SolutionItems) = preProject
		.editorconfig = .editorconfig
		AutoGeneratedTemplate.txt = AutoGeneratedTemplate.txt
		BUILDING.md = BUILDING.md
		CHANGELOG.md = CHANGELOG.md
		CONTRIBUTING.md = CONTRIBUTING.md
		CREDITS.md = CREDITS.md
		README.md = README.md
	EndProjectSection
EndProject
Project("{2150E333-8FDC-42A3-9474-1A3956D46DE8}") = "tests", "tests", "{5859F425-318E-4E28-BB77-D7C9C503C37F}"
EndProject
Project("{FAE04EC0-301F-11D3-BF4B-00C04F79EFBC}") = "ContentDotNet.Abstractions.Tests", "tests\ContentDotNet.Abstractions.Tests\ContentDotNet.Abstractions.Tests.csproj", "{62E5C884-72EA-4230-B41E-A93D7D5F45BA}"
EndProject
Project("{2150E333-8FDC-42A3-9474-1A3956D46DE8}") = "tools", "tools", "{4E0443FC-FAD2-405D-9141-CD2AD6D47582}"
EndProject
Project("{FAE04EC0-301F-11D3-BF4B-00C04F79EFBC}") = "StandaloneBmpWriter", "tools\StandaloneBmpWriter\StandaloneBmpWriter.csproj", "{A964E7B5-A14C-451A-B716-BF41AFB8C196}"
EndProject
Project("{2150E333-8FDC-42A3-9474-1A3956D46DE8}") = "generators", "generators", "{E69A62AA-B5DA-48D1-B473-3565AB4371C0}"
EndProject
Project("{2150E333-8FDC-42A3-9474-1A3956D46DE8}") = "ContentDotNet", "ContentDotNet", "{4BC08BB0-B31E-407D-9A5B-10E32C1BC32E}"
EndProject
Project("{FAE04EC0-301F-11D3-BF4B-00C04F79EFBC}") = "JaggedArrayUtilGenerator", "generators\ContentDotNet\JaggedArrayUtilGenerator\JaggedArrayUtilGenerator.csproj", "{9F3A2CDF-B366-4105-9D34-F8FC7CD08800}"
EndProject
Project("{D954291E-2A0B-460D-934E-DC6B0785DB48}") = "Docs", "Docs\Docs.shproj", "{68A8F7A5-08C4-41E4-AE85-6FD34B7F9DBA}"
EndProject
Project("{D954291E-2A0B-460D-934E-DC6B0785DB48}") = "webutils", "webutils\webutils.shproj", "{A32B53AA-3C70-4E7B-8FED-A445C7C2E61D}"
EndProject
Project("{2150E333-8FDC-42A3-9474-1A3956D46DE8}") = "Protocols", "Protocols", "{B5DB1593-F306-4AB4-A313-6797743A453F}"
EndProject
Project("{FAE04EC0-301F-11D3-BF4B-00C04F79EFBC}") = "ContentDotNet.Protocols.Rtsp", "src\Protocols\ContentDotNet.Protocols.Rtsp\ContentDotNet.Protocols.Rtsp.csproj", "{E63F266F-4339-477E-9855-A353F9CCABB6}"
EndProject
Project("{FAE04EC0-301F-11D3-BF4B-00C04F79EFBC}") = "ContentDotNet.Protocols.Rtp", "src\Protocols\ContentDotNet.Protocols.Rtp\ContentDotNet.Protocols.Rtp.csproj", "{DF0F459A-0656-43AB-9042-97F39DE3EDEA}"
EndProject
Project("{FAE04EC0-301F-11D3-BF4B-00C04F79EFBC}") = "ContentDotNet.Protocols.Sdp", "src\Protocols\ContentDotNet.Protocols.Sdp\ContentDotNet.Protocols.Sdp.csproj", "{4AB5A48E-2709-4B84-9C5F-AAF4A38641FA}"
EndProject
Project("{FAE04EC0-301F-11D3-BF4B-00C04F79EFBC}") = "UncompressedH264Encoder", "tools\UncompressedH264Encoder\UncompressedH264Encoder.csproj", "{656C7E6E-C908-44FC-971F-43C8A7D7AF02}"
EndProject
Project("{FAE04EC0-301F-11D3-BF4B-00C04F79EFBC}") = "ContentDotNet.Video", "src\ContentDotNet.Video\ContentDotNet.Video.csproj", "{DEE445AB-A2CA-4ADE-BAFD-F3D01D4AACAD}"
EndProject
Project("{FAE04EC0-301F-11D3-BF4B-00C04F79EFBC}") = "ContentDotNet.Image", "src\ContentDotNet.Image\ContentDotNet.Image.csproj", "{58219D7C-720C-4778-AACD-C382B352D420}"
EndProject
Project("{FAE04EC0-301F-11D3-BF4B-00C04F79EFBC}") = "ContentDotNet.Audio", "src\ContentDotNet.Audio\ContentDotNet.Audio.csproj", "{FA370540-68BD-48AF-91CA-F89F7A2BBD27}"
EndProject
Project("{FAE04EC0-301F-11D3-BF4B-00C04F79EFBC}") = "ContentDotNet.Protocols", "src\ContentDotNet.Protocols\ContentDotNet.Protocols.csproj", "{36EE378C-D301-4694-8C83-17E4F9CA018C}"
EndProject
Project("{FAE04EC0-301F-11D3-BF4B-00C04F79EFBC}") = "ContentDotNet.Subtitles", "src\ContentDotNet.Subtitles\ContentDotNet.Subtitles.csproj", "{0F38D523-BEFC-4A43-8329-AEAC04616280}"
EndProject
Project("{FAE04EC0-301F-11D3-BF4B-00C04F79EFBC}") = "ContentDotNet.Containers", "src\ContentDotNet.Containers\ContentDotNet.Containers.csproj", "{223396CF-BBFF-4065-8501-BAA80D7CAA87}"
EndProject
Global
	GlobalSection(SolutionConfigurationPlatforms) = preSolution
		Debug|Any CPU = Debug|Any CPU
		Release|Any CPU = Release|Any CPU
	EndGlobalSection
	GlobalSection(ProjectConfigurationPlatforms) = postSolution
		{2F562077-AFED-419C-986A-009958D62447}.Debug|Any CPU.ActiveCfg = Debug|Any CPU
		{2F562077-AFED-419C-986A-009958D62447}.Debug|Any CPU.Build.0 = Debug|Any CPU
		{2F562077-AFED-419C-986A-009958D62447}.Release|Any CPU.ActiveCfg = Release|Any CPU
		{2F562077-AFED-419C-986A-009958D62447}.Release|Any CPU.Build.0 = Release|Any CPU
		{62E5C884-72EA-4230-B41E-A93D7D5F45BA}.Debug|Any CPU.ActiveCfg = Debug|Any CPU
		{62E5C884-72EA-4230-B41E-A93D7D5F45BA}.Debug|Any CPU.Build.0 = Debug|Any CPU
		{62E5C884-72EA-4230-B41E-A93D7D5F45BA}.Release|Any CPU.ActiveCfg = Release|Any CPU
		{62E5C884-72EA-4230-B41E-A93D7D5F45BA}.Release|Any CPU.Build.0 = Release|Any CPU
		{A964E7B5-A14C-451A-B716-BF41AFB8C196}.Debug|Any CPU.ActiveCfg = Debug|Any CPU
		{A964E7B5-A14C-451A-B716-BF41AFB8C196}.Debug|Any CPU.Build.0 = Debug|Any CPU
		{A964E7B5-A14C-451A-B716-BF41AFB8C196}.Release|Any CPU.ActiveCfg = Release|Any CPU
		{A964E7B5-A14C-451A-B716-BF41AFB8C196}.Release|Any CPU.Build.0 = Release|Any CPU
		{9F3A2CDF-B366-4105-9D34-F8FC7CD08800}.Debug|Any CPU.ActiveCfg = Debug|Any CPU
		{9F3A2CDF-B366-4105-9D34-F8FC7CD08800}.Debug|Any CPU.Build.0 = Debug|Any CPU
		{9F3A2CDF-B366-4105-9D34-F8FC7CD08800}.Release|Any CPU.ActiveCfg = Release|Any CPU
		{9F3A2CDF-B366-4105-9D34-F8FC7CD08800}.Release|Any CPU.Build.0 = Release|Any CPU
		{E63F266F-4339-477E-9855-A353F9CCABB6}.Debug|Any CPU.ActiveCfg = Debug|Any CPU
		{E63F266F-4339-477E-9855-A353F9CCABB6}.Debug|Any CPU.Build.0 = Debug|Any CPU
		{E63F266F-4339-477E-9855-A353F9CCABB6}.Release|Any CPU.ActiveCfg = Release|Any CPU
		{E63F266F-4339-477E-9855-A353F9CCABB6}.Release|Any CPU.Build.0 = Release|Any CPU
		{DF0F459A-0656-43AB-9042-97F39DE3EDEA}.Debug|Any CPU.ActiveCfg = Debug|Any CPU
		{DF0F459A-0656-43AB-9042-97F39DE3EDEA}.Debug|Any CPU.Build.0 = Debug|Any CPU
		{DF0F459A-0656-43AB-9042-97F39DE3EDEA}.Release|Any CPU.ActiveCfg = Release|Any CPU
		{DF0F459A-0656-43AB-9042-97F39DE3EDEA}.Release|Any CPU.Build.0 = Release|Any CPU
		{4AB5A48E-2709-4B84-9C5F-AAF4A38641FA}.Debug|Any CPU.ActiveCfg = Debug|Any CPU
		{4AB5A48E-2709-4B84-9C5F-AAF4A38641FA}.Debug|Any CPU.Build.0 = Debug|Any CPU
		{4AB5A48E-2709-4B84-9C5F-AAF4A38641FA}.Release|Any CPU.ActiveCfg = Release|Any CPU
		{4AB5A48E-2709-4B84-9C5F-AAF4A38641FA}.Release|Any CPU.Build.0 = Release|Any CPU
		{656C7E6E-C908-44FC-971F-43C8A7D7AF02}.Debug|Any CPU.ActiveCfg = Debug|Any CPU
		{656C7E6E-C908-44FC-971F-43C8A7D7AF02}.Debug|Any CPU.Build.0 = Debug|Any CPU
		{656C7E6E-C908-44FC-971F-43C8A7D7AF02}.Release|Any CPU.ActiveCfg = Release|Any CPU
		{656C7E6E-C908-44FC-971F-43C8A7D7AF02}.Release|Any CPU.Build.0 = Release|Any CPU
		{DEE445AB-A2CA-4ADE-BAFD-F3D01D4AACAD}.Debug|Any CPU.ActiveCfg = Debug|Any CPU
		{DEE445AB-A2CA-4ADE-BAFD-F3D01D4AACAD}.Debug|Any CPU.Build.0 = Debug|Any CPU
		{DEE445AB-A2CA-4ADE-BAFD-F3D01D4AACAD}.Release|Any CPU.ActiveCfg = Release|Any CPU
		{DEE445AB-A2CA-4ADE-BAFD-F3D01D4AACAD}.Release|Any CPU.Build.0 = Release|Any CPU
		{58219D7C-720C-4778-AACD-C382B352D420}.Debug|Any CPU.ActiveCfg = Debug|Any CPU
		{58219D7C-720C-4778-AACD-C382B352D420}.Debug|Any CPU.Build.0 = Debug|Any CPU
		{58219D7C-720C-4778-AACD-C382B352D420}.Release|Any CPU.ActiveCfg = Release|Any CPU
		{58219D7C-720C-4778-AACD-C382B352D420}.Release|Any CPU.Build.0 = Release|Any CPU
		{FA370540-68BD-48AF-91CA-F89F7A2BBD27}.Debug|Any CPU.ActiveCfg = Debug|Any CPU
		{FA370540-68BD-48AF-91CA-F89F7A2BBD27}.Debug|Any CPU.Build.0 = Debug|Any CPU
		{FA370540-68BD-48AF-91CA-F89F7A2BBD27}.Release|Any CPU.ActiveCfg = Release|Any CPU
		{FA370540-68BD-48AF-91CA-F89F7A2BBD27}.Release|Any CPU.Build.0 = Release|Any CPU
		{36EE378C-D301-4694-8C83-17E4F9CA018C}.Debug|Any CPU.ActiveCfg = Debug|Any CPU
		{36EE378C-D301-4694-8C83-17E4F9CA018C}.Debug|Any CPU.Build.0 = Debug|Any CPU
		{36EE378C-D301-4694-8C83-17E4F9CA018C}.Release|Any CPU.ActiveCfg = Release|Any CPU
		{36EE378C-D301-4694-8C83-17E4F9CA018C}.Release|Any CPU.Build.0 = Release|Any CPU
		{0F38D523-BEFC-4A43-8329-AEAC04616280}.Debug|Any CPU.ActiveCfg = Debug|Any CPU
		{0F38D523-BEFC-4A43-8329-AEAC04616280}.Debug|Any CPU.Build.0 = Debug|Any CPU
		{0F38D523-BEFC-4A43-8329-AEAC04616280}.Release|Any CPU.ActiveCfg = Release|Any CPU
		{0F38D523-BEFC-4A43-8329-AEAC04616280}.Release|Any CPU.Build.0 = Release|Any CPU
		{223396CF-BBFF-4065-8501-BAA80D7CAA87}.Debug|Any CPU.ActiveCfg = Debug|Any CPU
		{223396CF-BBFF-4065-8501-BAA80D7CAA87}.Debug|Any CPU.Build.0 = Debug|Any CPU
		{223396CF-BBFF-4065-8501-BAA80D7CAA87}.Release|Any CPU.ActiveCfg = Release|Any CPU
		{223396CF-BBFF-4065-8501-BAA80D7CAA87}.Release|Any CPU.Build.0 = Release|Any CPU
	EndGlobalSection
	GlobalSection(SolutionProperties) = preSolution
		HideSolutionNode = FALSE
	EndGlobalSection
	GlobalSection(NestedProjects) = preSolution
		{2F562077-AFED-419C-986A-009958D62447} = {94093CAF-9AE3-44C5-A92A-3A157B5B2F96}
		{62E5C884-72EA-4230-B41E-A93D7D5F45BA} = {5859F425-318E-4E28-BB77-D7C9C503C37F}
		{A964E7B5-A14C-451A-B716-BF41AFB8C196} = {4E0443FC-FAD2-405D-9141-CD2AD6D47582}
		{4BC08BB0-B31E-407D-9A5B-10E32C1BC32E} = {E69A62AA-B5DA-48D1-B473-3565AB4371C0}
		{9F3A2CDF-B366-4105-9D34-F8FC7CD08800} = {4BC08BB0-B31E-407D-9A5B-10E32C1BC32E}
		{B5DB1593-F306-4AB4-A313-6797743A453F} = {94093CAF-9AE3-44C5-A92A-3A157B5B2F96}
		{E63F266F-4339-477E-9855-A353F9CCABB6} = {B5DB1593-F306-4AB4-A313-6797743A453F}
		{DF0F459A-0656-43AB-9042-97F39DE3EDEA} = {B5DB1593-F306-4AB4-A313-6797743A453F}
		{4AB5A48E-2709-4B84-9C5F-AAF4A38641FA} = {B5DB1593-F306-4AB4-A313-6797743A453F}
		{656C7E6E-C908-44FC-971F-43C8A7D7AF02} = {4E0443FC-FAD2-405D-9141-CD2AD6D47582}
		{DEE445AB-A2CA-4ADE-BAFD-F3D01D4AACAD} = {94093CAF-9AE3-44C5-A92A-3A157B5B2F96}
		{58219D7C-720C-4778-AACD-C382B352D420} = {94093CAF-9AE3-44C5-A92A-3A157B5B2F96}
		{FA370540-68BD-48AF-91CA-F89F7A2BBD27} = {94093CAF-9AE3-44C5-A92A-3A157B5B2F96}
		{36EE378C-D301-4694-8C83-17E4F9CA018C} = {94093CAF-9AE3-44C5-A92A-3A157B5B2F96}
		{0F38D523-BEFC-4A43-8329-AEAC04616280} = {94093CAF-9AE3-44C5-A92A-3A157B5B2F96}
		{223396CF-BBFF-4065-8501-BAA80D7CAA87} = {94093CAF-9AE3-44C5-A92A-3A157B5B2F96}
	EndGlobalSection
	GlobalSection(ExtensibilityGlobals) = postSolution
		SolutionGuid = {C6D32263-B2D0-4204-8A4E-BA2FFF41CF9B}
	EndGlobalSection
	GlobalSection(SharedMSBuildProjectFiles) = preSolution
		Docs\Docs.projitems*{68a8f7a5-08c4-41e4-ae85-6fd34b7f9dba}*SharedItemsImports = 13
		webutils\webutils.projitems*{a32b53aa-3c70-4e7b-8fed-a445c7c2e61d}*SharedItemsImports = 13
	EndGlobalSection
EndGlobal
